go.etcd.io/bbolt v1.3.3 h1:MUGmc65QhB3pIlaQ5bB4LwqSj6GIonVJXpZiaKNyaKk=
go.etcd.io/bbolt v1.3.3/go.mod h1:IbVyRI1SCnLcuJnV2u8VeU0CEYM7e686BmAb1XKL+uU=
golang.org/x/sys v0.0.0-20190606165138-5da285871e9c h1:+EXw7AwNOKzPFXMZ1yNjO40aWCh3PIquJB2fYlv9wcs=
golang.org/x/sys v0.0.0-20190606165138-5da285871e9c/go.mod h1:h1NjWce9XRLGQEsW7wpKNCjG9DtNlClVuFLEZdDNbEs=
